// !$*UTF8*$!
{
	archiveVersion = 1;
	classes = {
	};
	objectVersion = 46;
	objects = {

/* Begin PBXBuildFile section */
		CB8DB92A192C7A03005A0E47 /* Foundation.framework in Frameworks */ = {isa = PBXBuildFile; fileRef = CB8DB929192C7A03005A0E47 /* Foundation.framework */; };
		CB8DB92C192C7A03005A0E47 /* CoreGraphics.framework in Frameworks */ = {isa = PBXBuildFile; fileRef = CB8DB92B192C7A03005A0E47 /* CoreGraphics.framework */; };
		CB8DB92E192C7A03005A0E47 /* UIKit.framework in Frameworks */ = {isa = PBXBuildFile; fileRef = CB8DB92D192C7A03005A0E47 /* UIKit.framework */; };
		CB8DB934192C7A03005A0E47 /* InfoPlist.strings in Resources */ = {isa = PBXBuildFile; fileRef = CB8DB932192C7A03005A0E47 /* InfoPlist.strings */; };
		CB8DB936192C7A03005A0E47 /* main.m in Sources */ = {isa = PBXBuildFile; fileRef = CB8DB935192C7A03005A0E47 /* main.m */; };
		CB8DB93A192C7A03005A0E47 /* KDAppDelegate.m in Sources */ = {isa = PBXBuildFile; fileRef = CB8DB939192C7A03005A0E47 /* KDAppDelegate.m */; };
		CB8DB93D192C7A03005A0E47 /* Main.storyboard in Resources */ = {isa = PBXBuildFile; fileRef = CB8DB93B192C7A03005A0E47 /* Main.storyboard */; };
		CB8DB940192C7A03005A0E47 /* KDViewController.m in Sources */ = {isa = PBXBuildFile; fileRef = CB8DB93F192C7A03005A0E47 /* KDViewController.m */; };
		CB8DB942192C7A03005A0E47 /* Images.xcassets in Resources */ = {isa = PBXBuildFile; fileRef = CB8DB941192C7A03005A0E47 /* Images.xcassets */; };
		CB8DB949192C7A03005A0E47 /* XCTest.framework in Frameworks */ = {isa = PBXBuildFile; fileRef = CB8DB948192C7A03005A0E47 /* XCTest.framework */; };
		CB8DB94A192C7A03005A0E47 /* Foundation.framework in Frameworks */ = {isa = PBXBuildFile; fileRef = CB8DB929192C7A03005A0E47 /* Foundation.framework */; };
		CB8DB94B192C7A03005A0E47 /* UIKit.framework in Frameworks */ = {isa = PBXBuildFile; fileRef = CB8DB92D192C7A03005A0E47 /* UIKit.framework */; };
		CB8DB953192C7A03005A0E47 /* InfoPlist.strings in Resources */ = {isa = PBXBuildFile; fileRef = CB8DB951192C7A03005A0E47 /* InfoPlist.strings */; };
		CB8DB955192C7A03005A0E47 /* NSUserDefaults__Segues_and_Protocols_Challenge_SolutionsTests.m in Sources */ = {isa = PBXBuildFile; fileRef = CB8DB954192C7A03005A0E47 /* NSUserDefaults__Segues_and_Protocols_Challenge_SolutionsTests.m */; };
		CB8DB960193310D5005A0E47 /* KDSignInViewController.m in Sources */ = {isa = PBXBuildFile; fileRef = CB8DB95F193310D5005A0E47 /* KDSignInViewController.m */; };
		CB8DB963193310DF005A0E47 /* KDCreateAccountViewController.m in Sources */ = {isa = PBXBuildFile; fileRef = CB8DB962193310DF005A0E47 /* KDCreateAccountViewController.m */; };
/* End PBXBuildFile section */

/* Begin PBXContainerItemProxy section */
		CB8DB94C192C7A03005A0E47 /* PBXContainerItemProxy */ = {
			isa = PBXContainerItemProxy;
			containerPortal = CB8DB91E192C7A03005A0E47 /* Project object */;
			proxyType = 1;
			remoteGlobalIDString = CB8DB925192C7A03005A0E47;
			remoteInfo = "NSUserDefaults, Segues and Protocols Challenge Solutions";
		};
/* End PBXContainerItemProxy section */

/* Begin PBXFileReference section */
		CB8DB926192C7A03005A0E47 /* NSUserDefaults, Segues and Protocols Challenge Solutions.app */ = {isa = PBXFileReference; explicitFileType = wrapper.application; includeInIndex = 0; path = "NSUserDefaults, Segues and Protocols Challenge Solutions.app"; sourceTree = BUILT_PRODUCTS_DIR; };
		CB8DB929192C7A03005A0E47 /* Foundation.framework */ = {isa = PBXFileReference; lastKnownFileType = wrapper.framework; name = Foundation.framework; path = System/Library/Frameworks/Foundation.framework; sourceTree = SDKROOT; };
		CB8DB92B192C7A03005A0E47 /* CoreGraphics.framework */ = {isa = PBXFileReference; lastKnownFileType = wrapper.framework; name = CoreGraphics.framework; path = System/Library/Frameworks/CoreGraphics.framework; sourceTree = SDKROOT; };
		CB8DB92D192C7A03005A0E47 /* UIKit.framework */ = {isa = PBXFileReference; lastKnownFileType = wrapper.framework; name = UIKit.framework; path = System/Library/Frameworks/UIKit.framework; sourceTree = SDKROOT; };
		CB8DB931192C7A03005A0E47 /* NSUserDefaults, Segues and Protocols Challenge Solutions-Info.plist */ = {isa = PBXFileReference; lastKnownFileType = text.plist.xml; path = "NSUserDefaults, Segues and Protocols Challenge Solutions-Info.plist"; sourceTree = "<group>"; };
		CB8DB933192C7A03005A0E47 /* en */ = {isa = PBXFileReference; lastKnownFileType = text.plist.strings; name = en; path = en.lproj/InfoPlist.strings; sourceTree = "<group>"; };
		CB8DB935192C7A03005A0E47 /* main.m */ = {isa = PBXFileReference; lastKnownFileType = sourcecode.c.objc; path = main.m; sourceTree = "<group>"; };
		CB8DB937192C7A03005A0E47 /* NSUserDefaults, Segues and Protocols Challenge Solutions-Prefix.pch */ = {isa = PBXFileReference; lastKnownFileType = sourcecode.c.h; path = "NSUserDefaults, Segues and Protocols Challenge Solutions-Prefix.pch"; sourceTree = "<group>"; };
		CB8DB938192C7A03005A0E47 /* KDAppDelegate.h */ = {isa = PBXFileReference; lastKnownFileType = sourcecode.c.h; path = KDAppDelegate.h; sourceTree = "<group>"; };
		CB8DB939192C7A03005A0E47 /* KDAppDelegate.m */ = {isa = PBXFileReference; lastKnownFileType = sourcecode.c.objc; path = KDAppDelegate.m; sourceTree = "<group>"; };
		CB8DB93C192C7A03005A0E47 /* Base */ = {isa = PBXFileReference; lastKnownFileType = file.storyboard; name = Base; path = Base.lproj/Main.storyboard; sourceTree = "<group>"; };
		CB8DB93E192C7A03005A0E47 /* KDViewController.h */ = {isa = PBXFileReference; lastKnownFileType = sourcecode.c.h; path = KDViewController.h; sourceTree = "<group>"; };
		CB8DB93F192C7A03005A0E47 /* KDViewController.m */ = {isa = PBXFileReference; lastKnownFileType = sourcecode.c.objc; path = KDViewController.m; sourceTree = "<group>"; };
		CB8DB941192C7A03005A0E47 /* Images.xcassets */ = {isa = PBXFileReference; lastKnownFileType = folder.assetcatalog; path = Images.xcassets; sourceTree = "<group>"; };
		CB8DB947192C7A03005A0E47 /* NSUserDefaults, Segues and Protocols Challenge SolutionsTests.xctest */ = {isa = PBXFileReference; explicitFileType = wrapper.cfbundle; includeInIndex = 0; path = "NSUserDefaults, Segues and Protocols Challenge SolutionsTests.xctest"; sourceTree = BUILT_PRODUCTS_DIR; };
		CB8DB948192C7A03005A0E47 /* XCTest.framework */ = {isa = PBXFileReference; lastKnownFileType = wrapper.framework; name = XCTest.framework; path = Library/Frameworks/XCTest.framework; sourceTree = DEVELOPER_DIR; };
		CB8DB950192C7A03005A0E47 /* NSUserDefaults, Segues and Protocols Challenge SolutionsTests-Info.plist */ = {isa = PBXFileReference; lastKnownFileType = text.plist.xml; path = "NSUserDefaults, Segues and Protocols Challenge SolutionsTests-Info.plist"; sourceTree = "<group>"; };
		CB8DB952192C7A03005A0E47 /* en */ = {isa = PBXFileReference; lastKnownFileType = text.plist.strings; name = en; path = en.lproj/InfoPlist.strings; sourceTree = "<group>"; };
		CB8DB954192C7A03005A0E47 /* NSUserDefaults__Segues_and_Protocols_Challenge_SolutionsTests.m */ = {isa = PBXFileReference; lastKnownFileType = sourcecode.c.objc; path = NSUserDefaults__Segues_and_Protocols_Challenge_SolutionsTests.m; sourceTree = "<group>"; };
		CB8DB95E193310D5005A0E47 /* KDSignInViewController.h */ = {isa = PBXFileReference; fileEncoding = 4; lastKnownFileType = sourcecode.c.h; path = KDSignInViewController.h; sourceTree = "<group>"; };
		CB8DB95F193310D5005A0E47 /* KDSignInViewController.m */ = {isa = PBXFileReference; fileEncoding = 4; lastKnownFileType = sourcecode.c.objc; path = KDSignInViewController.m; sourceTree = "<group>"; };
		CB8DB961193310DF005A0E47 /* KDCreateAccountViewController.h */ = {isa = PBXFileReference; fileEncoding = 4; lastKnownFileType = sourcecode.c.h; path = KDCreateAccountViewController.h; sourceTree = "<group>"; };
		CB8DB962193310DF005A0E47 /* KDCreateAccountViewController.m */ = {isa = PBXFileReference; fileEncoding = 4; lastKnownFileType = sourcecode.c.objc; path = KDCreateAccountViewController.m; sourceTree = "<group>"; };
/* End PBXFileReference section */

/* Begin PBXFrameworksBuildPhase section */
		CB8DB923192C7A03005A0E47 /* Frameworks */ = {
			isa = PBXFrameworksBuildPhase;
			buildActionMask = 2147483647;
			files = (
				CB8DB92C192C7A03005A0E47 /* CoreGraphics.framework in Frameworks */,
				CB8DB92E192C7A03005A0E47 /* UIKit.framework in Frameworks */,
				CB8DB92A192C7A03005A0E47 /* Foundation.framework in Frameworks */,
			);
			runOnlyForDeploymentPostprocessing = 0;
		};
		CB8DB944192C7A03005A0E47 /* Frameworks */ = {
			isa = PBXFrameworksBuildPhase;
			buildActionMask = 2147483647;
			files = (
				CB8DB949192C7A03005A0E47 /* XCTest.framework in Frameworks */,
				CB8DB94B192C7A03005A0E47 /* UIKit.framework in Frameworks */,
				CB8DB94A192C7A03005A0E47 /* Foundation.framework in Frameworks */,
			);
			runOnlyForDeploymentPostprocessing = 0;
		};
/* End PBXFrameworksBuildPhase section */

/* Begin PBXGroup section */
		CB8DB91D192C7A03005A0E47 = {
			isa = PBXGroup;
			children = (
				CB8DB92F192C7A03005A0E47 /* NSUserDefaults, Segues and Protocols Challenge Solutions */,
				CB8DB94E192C7A03005A0E47 /* NSUserDefaults, Segues and Protocols Challenge SolutionsTests */,
				CB8DB928192C7A03005A0E47 /* Frameworks */,
				CB8DB927192C7A03005A0E47 /* Products */,
			);
			sourceTree = "<group>";
		};
		CB8DB927192C7A03005A0E47 /* Products */ = {
			isa = PBXGroup;
			children = (
				CB8DB926192C7A03005A0E47 /* NSUserDefaults, Segues and Protocols Challenge Solutions.app */,
				CB8DB947192C7A03005A0E47 /* NSUserDefaults, Segues and Protocols Challenge SolutionsTests.xctest */,
			);
			name = Products;
			sourceTree = "<group>";
		};
		CB8DB928192C7A03005A0E47 /* Frameworks */ = {
			isa = PBXGroup;
			children = (
				CB8DB929192C7A03005A0E47 /* Foundation.framework */,
				CB8DB92B192C7A03005A0E47 /* CoreGraphics.framework */,
				CB8DB92D192C7A03005A0E47 /* UIKit.framework */,
				CB8DB948192C7A03005A0E47 /* XCTest.framework */,
			);
			name = Frameworks;
			sourceTree = "<group>";
		};
		CB8DB92F192C7A03005A0E47 /* NSUserDefaults, Segues and Protocols Challenge Solutions */ = {
			isa = PBXGroup;
			children = (
				CB8DB938192C7A03005A0E47 /* KDAppDelegate.h */,
				CB8DB939192C7A03005A0E47 /* KDAppDelegate.m */,
				CB8DB93B192C7A03005A0E47 /* Main.storyboard */,
				CB8DB95E193310D5005A0E47 /* KDSignInViewController.h */,
				CB8DB95F193310D5005A0E47 /* KDSignInViewController.m */,
				CB8DB961193310DF005A0E47 /* KDCreateAccountViewController.h */,
				CB8DB962193310DF005A0E47 /* KDCreateAccountViewController.m */,
				CB8DB93E192C7A03005A0E47 /* KDViewController.h */,
				CB8DB93F192C7A03005A0E47 /* KDViewController.m */,
				CB8DB941192C7A03005A0E47 /* Images.xcassets */,
				CB8DB930192C7A03005A0E47 /* Supporting Files */,
			);
			path = "NSUserDefaults, Segues and Protocols Challenge Solutions";
			sourceTree = "<group>";
		};
		CB8DB930192C7A03005A0E47 /* Supporting Files */ = {
			isa = PBXGroup;
			children = (
				CB8DB931192C7A03005A0E47 /* NSUserDefaults, Segues and Protocols Challenge Solutions-Info.plist */,
				CB8DB932192C7A03005A0E47 /* InfoPlist.strings */,
				CB8DB935192C7A03005A0E47 /* main.m */,
				CB8DB937192C7A03005A0E47 /* NSUserDefaults, Segues and Protocols Challenge Solutions-Prefix.pch */,
			);
			name = "Supporting Files";
			sourceTree = "<group>";
		};
		CB8DB94E192C7A03005A0E47 /* NSUserDefaults, Segues and Protocols Challenge SolutionsTests */ = {
			isa = PBXGroup;
			children = (
				CB8DB954192C7A03005A0E47 /* NSUserDefaults__Segues_and_Protocols_Challenge_SolutionsTests.m */,
				CB8DB94F192C7A03005A0E47 /* Supporting Files */,
			);
			path = "NSUserDefaults, Segues and Protocols Challenge SolutionsTests";
			sourceTree = "<group>";
		};
		CB8DB94F192C7A03005A0E47 /* Supporting Files */ = {
			isa = PBXGroup;
			children = (
				CB8DB950192C7A03005A0E47 /* NSUserDefaults, Segues and Protocols Challenge SolutionsTests-Info.plist */,
				CB8DB951192C7A03005A0E47 /* InfoPlist.strings */,
			);
			name = "Supporting Files";
			sourceTree = "<group>";
		};
/* End PBXGroup section */

/* Begin PBXNativeTarget section */
		CB8DB925192C7A03005A0E47 /* NSUserDefaults, Segues and Protocols Challenge Solutions */ = {
			isa = PBXNativeTarget;
			buildConfigurationList = CB8DB958192C7A03005A0E47 /* Build configuration list for PBXNativeTarget "NSUserDefaults, Segues and Protocols Challenge Solutions" */;
			buildPhases = (
				CB8DB922192C7A03005A0E47 /* Sources */,
				CB8DB923192C7A03005A0E47 /* Frameworks */,
				CB8DB924192C7A03005A0E47 /* Resources */,
			);
			buildRules = (
			);
			dependencies = (
			);
			name = "NSUserDefaults, Segues and Protocols Challenge Solutions";
			productName = "NSUserDefaults, Segues and Protocols Challenge Solutions";
			productReference = CB8DB926192C7A03005A0E47 /* NSUserDefaults, Segues and Protocols Challenge Solutions.app */;
			productType = "com.apple.product-type.application";
		};
		CB8DB946192C7A03005A0E47 /* NSUserDefaults, Segues and Protocols Challenge SolutionsTests */ = {
			isa = PBXNativeTarget;
			buildConfigurationList = CB8DB95B192C7A03005A0E47 /* Build configuration list for PBXNativeTarget "NSUserDefaults, Segues and Protocols Challenge SolutionsTests" */;
			buildPhases = (
				CB8DB943192C7A03005A0E47 /* Sources */,
				CB8DB944192C7A03005A0E47 /* Frameworks */,
				CB8DB945192C7A03005A0E47 /* Resources */,
			);
			buildRules = (
			);
			dependencies = (
				CB8DB94D192C7A03005A0E47 /* PBXTargetDependency */,
			);
			name = "NSUserDefaults, Segues and Protocols Challenge SolutionsTests";
			productName = "NSUserDefaults, Segues and Protocols Challenge SolutionsTests";
			productReference = CB8DB947192C7A03005A0E47 /* NSUserDefaults, Segues and Protocols Challenge SolutionsTests.xctest */;
			productType = "com.apple.product-type.bundle.unit-test";
		};
/* End PBXNativeTarget section */

/* Begin PBXProject section */
		CB8DB91E192C7A03005A0E47 /* Project object */ = {
			isa = PBXProject;
			attributes = {
				CLASSPREFIX = KD;
				LastUpgradeCheck = 0510;
				ORGANIZATIONNAME = Home;
				TargetAttributes = {
					CB8DB946192C7A03005A0E47 = {
						TestTargetID = CB8DB925192C7A03005A0E47;
					};
				};
			};
			buildConfigurationList = CB8DB921192C7A03005A0E47 /* Build configuration list for PBXProject "NSUserDefaults, Segues and Protocols Challenge Solutions" */;
			compatibilityVersion = "Xcode 3.2";
			developmentRegion = English;
			hasScannedForEncodings = 0;
			knownRegions = (
				en,
				Base,
			);
			mainGroup = CB8DB91D192C7A03005A0E47;
			productRefGroup = CB8DB927192C7A03005A0E47 /* Products */;
			projectDirPath = "";
			projectRoot = "";
			targets = (
				CB8DB925192C7A03005A0E47 /* NSUserDefaults, Segues and Protocols Challenge Solutions */,
				CB8DB946192C7A03005A0E47 /* NSUserDefaults, Segues and Protocols Challenge SolutionsTests */,
			);
		};
/* End PBXProject section */

/* Begin PBXResourcesBuildPhase section */
		CB8DB924192C7A03005A0E47 /* Resources */ = {
			isa = PBXResourcesBuildPhase;
			buildActionMask = 2147483647;
			files = (
				CB8DB942192C7A03005A0E47 /* Images.xcassets in Resources */,
				CB8DB934192C7A03005A0E47 /* InfoPlist.strings in Resources */,
				CB8DB93D192C7A03005A0E47 /* Main.storyboard in Resources */,
			);
			runOnlyForDeploymentPostprocessing = 0;
		};
		CB8DB945192C7A03005A0E47 /* Resources */ = {
			isa = PBXResourcesBuildPhase;
			buildActionMask = 2147483647;
			files = (
				CB8DB953192C7A03005A0E47 /* InfoPlist.strings in Resources */,
			);
			runOnlyForDeploymentPostprocessing = 0;
		};
/* End PBXResourcesBuildPhase section */

/* Begin PBXSourcesBuildPhase section */
		CB8DB922192C7A03005A0E47 /* Sources */ = {
			isa = PBXSourcesBuildPhase;
			buildActionMask = 2147483647;
			files = (
				CB8DB940192C7A03005A0E47 /* KDViewController.m in Sources */,
				CB8DB960193310D5005A0E47 /* KDSignInViewController.m in Sources */,
				CB8DB936192C7A03005A0E47 /* main.m in Sources */,
				CB8DB93A192C7A03005A0E47 /* KDAppDelegate.m in Sources */,
				CB8DB963193310DF005A0E47 /* KDCreateAccountViewController.m in Sources */,
			);
			runOnlyForDeploymentPostprocessing = 0;
		};
		CB8DB943192C7A03005A0E47 /* Sources */ = {
			isa = PBXSourcesBuildPhase;
			buildActionMask = 2147483647;
			files = (
				CB8DB955192C7A03005A0E47 /* NSUserDefaults__Segues_and_Protocols_Challenge_SolutionsTests.m in Sources */,
			);
			runOnlyForDeploymentPostprocessing = 0;
		};
/* End PBXSourcesBuildPhase section */

/* Begin PBXTargetDependency section */
		CB8DB94D192C7A03005A0E47 /* PBXTargetDependency */ = {
			isa = PBXTargetDependency;
			target = CB8DB925192C7A03005A0E47 /* NSUserDefaults, Segues and Protocols Challenge Solutions */;
			targetProxy = CB8DB94C192C7A03005A0E47 /* PBXContainerItemProxy */;
		};
/* End PBXTargetDependency section */

/* Begin PBXVariantGroup section */
		CB8DB932192C7A03005A0E47 /* InfoPlist.strings */ = {
			isa = PBXVariantGroup;
			children = (
				CB8DB933192C7A03005A0E47 /* en */,
			);
			name = InfoPlist.strings;
			sourceTree = "<group>";
		};
		CB8DB93B192C7A03005A0E47 /* Main.storyboard */ = {
			isa = PBXVariantGroup;
			children = (
				CB8DB93C192C7A03005A0E47 /* Base */,
			);
			name = Main.storyboard;
			sourceTree = "<group>";
		};
		CB8DB951192C7A03005A0E47 /* InfoPlist.strings */ = {
			isa = PBXVariantGroup;
			children = (
				CB8DB952192C7A03005A0E47 /* en */,
			);
			name = InfoPlist.strings;
			sourceTree = "<group>";
		};
/* End PBXVariantGroup section */

/* Begin XCBuildConfiguration section */
		CB8DB956192C7A03005A0E47 /* Debug */ = {
			isa = XCBuildConfiguration;
			buildSettings = {
				ALWAYS_SEARCH_USER_PATHS = NO;
				CLANG_CXX_LANGUAGE_STANDARD = "gnu++0x";
				CLANG_CXX_LIBRARY = "libc++";
				CLANG_ENABLE_MODULES = YES;
				CLANG_ENABLE_OBJC_ARC = YES;
				CLANG_WARN_BOOL_CONVERSION = YES;
				CLANG_WARN_CONSTANT_CONVERSION = YES;
				CLANG_WARN_DIRECT_OBJC_ISA_USAGE = YES_ERROR;
				CLANG_WARN_EMPTY_BODY = YES;
				CLANG_WARN_ENUM_CONVERSION = YES;
				CLANG_WARN_INT_CONVERSION = YES;
				CLANG_WARN_OBJC_ROOT_CLASS = YES_ERROR;
				CLANG_WARN__DUPLICATE_METHOD_MATCH = YES;
				"CODE_SIGN_IDENTITY[sdk=iphoneos*]" = "iPhone Developer";
				COPY_PHASE_STRIP = NO;
				GCC_C_LANGUAGE_STANDARD = gnu99;
				GCC_DYNAMIC_NO_PIC = NO;
				GCC_OPTIMIZATION_LEVEL = 0;
				GCC_PREPROCESSOR_DEFINITIONS = (
					"DEBUG=1",
					"$(inherited)",
				);
				GCC_SYMBOLS_PRIVATE_EXTERN = NO;
				GCC_WARN_64_TO_32_BIT_CONVERSION = YES;
				GCC_WARN_ABOUT_RETURN_TYPE = YES_ERROR;
				GCC_WARN_UNDECLARED_SELECTOR = YES;
				GCC_WARN_UNINITIALIZED_AUTOS = YES_AGGRESSIVE;
				GCC_WARN_UNUSED_FUNCTION = YES;
				GCC_WARN_UNUSED_VARIABLE = YES;
				IPHONEOS_DEPLOYMENT_TARGET = 7.1;
				ONLY_ACTIVE_ARCH = YES;
				SDKROOT = iphoneos;
			};
			name = Debug;
		};
		CB8DB957192C7A03005A0E47 /* Release */ = {
			isa = XCBuildConfiguration;
			buildSettings = {
				ALWAYS_SEARCH_USER_PATHS = NO;
				CLANG_CXX_LANGUAGE_STANDARD = "gnu++0x";
				CLANG_CXX_LIBRARY = "libc++";
				CLANG_ENABLE_MODULES = YES;
				CLANG_ENABLE_OBJC_ARC = YES;
				CLANG_WARN_BOOL_CONVERSION = YES;
				CLANG_WARN_CONSTANT_CONVERSION = YES;
				CLANG_WARN_DIRECT_OBJC_ISA_USAGE = YES_ERROR;
				CLANG_WARN_EMPTY_BODY = YES;
				CLANG_WARN_ENUM_CONVERSION = YES;
				CLANG_WARN_INT_CONVERSION = YES;
				CLANG_WARN_OBJC_ROOT_CLASS = YES_ERROR;
				CLANG_WARN__DUPLICATE_METHOD_MATCH = YES;
				"CODE_SIGN_IDENTITY[sdk=iphoneos*]" = "iPhone Developer";
				COPY_PHASE_STRIP = YES;
				ENABLE_NS_ASSERTIONS = NO;
				GCC_C_LANGUAGE_STANDARD = gnu99;
				GCC_WARN_64_TO_32_BIT_CONVERSION = YES;
				GCC_WARN_ABOUT_RETURN_TYPE = YES_ERROR;
				GCC_WARN_UNDECLARED_SELECTOR = YES;
				GCC_WARN_UNINITIALIZED_AUTOS = YES_AGGRESSIVE;
				GCC_WARN_UNUSED_FUNCTION = YES;
				GCC_WARN_UNUSED_VARIABLE = YES;
				IPHONEOS_DEPLOYMENT_TARGET = 7.1;
				SDKROOT = iphoneos;
				VALIDATE_PRODUCT = YES;
			};
			name = Release;
		};
		CB8DB959192C7A03005A0E47 /* Debug */ = {
			isa = XCBuildConfiguration;
			buildSettings = {
				ASSETCATALOG_COMPILER_APPICON_NAME = AppIcon;
				ASSETCATALOG_COMPILER_LAUNCHIMAGE_NAME = LaunchImage;
				GCC_PRECOMPILE_PREFIX_HEADER = YES;
				GCC_PREFIX_HEADER = "NSUserDefaults, Segues and Protocols Challenge Solutions/NSUserDefaults, Segues and Protocols Challenge Solutions-Prefix.pch";
				INFOPLIST_FILE = "NSUserDefaults, Segues and Protocols Challenge Solutions/NSUserDefaults, Segues and Protocols Challenge Solutions-Info.plist";
				PRODUCT_NAME = "$(TARGET_NAME)";
				WRAPPER_EXTENSION = app;
			};
			name = Debug;
		};
		CB8DB95A192C7A03005A0E47 /* Release */ = {
			isa = XCBuildConfiguration;
			buildSettings = {
				ASSETCATALOG_COMPILER_APPICON_NAME = AppIcon;
				ASSETCATALOG_COMPILER_LAUNCHIMAGE_NAME = LaunchImage;
				GCC_PRECOMPILE_PREFIX_HEADER = YES;
				GCC_PREFIX_HEADER = "NSUserDefaults, Segues and Protocols Challenge Solutions/NSUserDefaults, Segues and Protocols Challenge Solutions-Prefix.pch";
				INFOPLIST_FILE = "NSUserDefaults, Segues and Protocols Challenge Solutions/NSUserDefaults, Segues and Protocols Challenge Solutions-Info.plist";
				PRODUCT_NAME = "$(TARGET_NAME)";
				WRAPPER_EXTENSION = app;
			};
			name = Release;
		};
		CB8DB95C192C7A03005A0E47 /* Debug */ = {
			isa = XCBuildConfiguration;
			buildSettings = {
				BUNDLE_LOADER = "$(BUILT_PRODUCTS_DIR)/NSUserDefaults, Segues and Protocols Challenge Solutions.app/NSUserDefaults, Segues and Protocols Challenge Solutions";
				FRAMEWORK_SEARCH_PATHS = (
					"$(SDKROOT)/Developer/Library/Frameworks",
					"$(inherited)",
					"$(DEVELOPER_FRAMEWORKS_DIR)",
				);
				GCC_PRECOMPILE_PREFIX_HEADER = YES;
				GCC_PREFIX_HEADER = "NSUserDefaults, Segues and Protocols Challenge Solutions/NSUserDefaults, Segues and Protocols Challenge Solutions-Prefix.pch";
				GCC_PREPROCESSOR_DEFINITIONS = (
					"DEBUG=1",
					"$(inherited)",
				);
				INFOPLIST_FILE = "NSUserDefaults, Segues and Protocols Challenge SolutionsTests/NSUserDefaults, Segues and Protocols Challenge SolutionsTests-Info.plist";
				PRODUCT_NAME = "$(TARGET_NAME)";
				TEST_HOST = "$(BUNDLE_LOADER)";
				WRAPPER_EXTENSION = xctest;
			};
			name = Debug;
		};
		CB8DB95D192C7A03005A0E47 /* Release */ = {
			isa = XCBuildConfiguration;
			buildSettings = {
				BUNDLE_LOADER = "$(BUILT_PRODUCTS_DIR)/NSUserDefaults, Segues and Protocols Challenge Solutions.app/NSUserDefaults, Segues and Protocols Challenge Solutions";
				FRAMEWORK_SEARCH_PATHS = (
					"$(SDKROOT)/Developer/Library/Frameworks",
					"$(inherited)",
					"$(DEVELOPER_FRAMEWORKS_DIR)",
				);
				GCC_PRECOMPILE_PREFIX_HEADER = YES;
				GCC_PREFIX_HEADER = "NSUserDefaults, Segues and Protocols Challenge Solutions/NSUserDefaults, Segues and Protocols Challenge Solutions-Prefix.pch";
				INFOPLIST_FILE = "NSUserDefaults, Segues and Protocols Challenge SolutionsTests/NSUserDefaults, Segues and Protocols Challenge SolutionsTests-Info.plist";
				PRODUCT_NAME = "$(TARGET_NAME)";
				TEST_HOST = "$(BUNDLE_LOADER)";
				WRAPPER_EXTENSION = xctest;
			};
			name = Release;
		};
/* End XCBuildConfiguration section */

/* Begin XCConfigurationList section */
		CB8DB921192C7A03005A0E47 /* Build configuration list for PBXProject "NSUserDefaults, Segues and Protocols Challenge Solutions" */ = {
			isa = XCConfigurationList;
			buildConfigurations = (
				CB8DB956192C7A03005A0E47 /* Debug */,
				CB8DB957192C7A03005A0E47 /* Release */,
			);
			defaultConfigurationIsVisible = 0;
			defaultConfigurationName = Release;
		};
		CB8DB958192C7A03005A0E47 /* Build configuration list for PBXNativeTarget "NSUserDefaults, Segues and Protocols Challenge Solutions" */ = {
			isa = XCConfigurationList;
			buildConfigurations = (
				CB8DB959192C7A03005A0E47 /* Debug */,
				CB8DB95A192C7A03005A0E47 /* Release */,
			);
			defaultConfigurationIsVisible = 0;
		};
		CB8DB95B192C7A03005A0E47 /* Build configuration list for PBXNativeTarget "NSUserDefaults, Segues and Protocols Challenge SolutionsTests" */ = {
			isa = XCConfigurationList;
			buildConfigurations = (
				CB8DB95C192C7A03005A0E47 /* Debug */,
				CB8DB95D192C7A03005A0E47 /* Release */,
			);
			defaultConfigurationIsVisible = 0;
		};
/* End XCConfigurationList section */
	};
	rootObject = CB8DB91E192C7A03005A0E47 /* Project object */;
}
